// !$*UTF8*$!
{
	archiveVersion = 1;
	classes = {
	};
	objectVersion = 46;
	objects = {

/* Begin PBXBuildFile section */
		3F832A0C1D2EE58400FDE209 /* main.c in Sources */ = {isa = PBXBuildFile; fileRef = 3F68B3C11D2865F40051D882 /* main.c */; };
		3F832A1D1D34261900FDE209 /* time_service.c in Sources */ = {isa = PBXBuildFile; fileRef = 3F832A161D34261900FDE209 /* time_service.c */; };
		3F832A1E1D34261900FDE209 /* ui_layers.c in Sources */ = {isa = PBXBuildFile; fileRef = 3F832A181D34261900FDE209 /* ui_layers.c */; };
		3F832A1F1D34261900FDE209 /* main_window.c in Sources */ = {isa = PBXBuildFile; fileRef = 3F832A1B1D34261900FDE209 /* main_window.c */; };
/* End PBXBuildFile section */

/* Begin PBXCopyFilesBuildPhase section */
		3F68B3AD1D28602B0051D882 /* CopyFiles */ = {
			isa = PBXCopyFilesBuildPhase;
			buildActionMask = 2147483647;
			dstPath = /usr/share/man/man1/;
			dstSubfolderSpec = 0;
			files = (
			);
			runOnlyForDeploymentPostprocessing = 1;
		};
		3F832A021D2EE3BF00FDE209 /* CopyFiles */ = {
			isa = PBXCopyFilesBuildPhase;
			buildActionMask = 2147483647;
			dstPath = /usr/share/man/man1/;
			dstSubfolderSpec = 0;
			files = (
			);
			runOnlyForDeploymentPostprocessing = 1;
		};
/* End PBXCopyFilesBuildPhase section */

/* Begin PBXFileReference section */
		3F68B3BE1D2865680051D882 /* HiddenTarget */ = {isa = PBXFileReference; explicitFileType = "compiled.mach-o.executable"; includeInIndex = 0; path = HiddenTarget; sourceTree = BUILT_PRODUCTS_DIR; };
		3F68B3BF1D2865F40051D882 /* package.json */ = {isa = PBXFileReference; fileEncoding = 4; lastKnownFileType = text.json; path = package.json; sourceTree = "<group>"; };
		3F68B3C11D2865F40051D882 /* main.c */ = {isa = PBXFileReference; fileEncoding = 4; lastKnownFileType = sourcecode.c.c; path = main.c; sourceTree = "<group>"; };
		3F68B3C21D2865F40051D882 /* wscript */ = {isa = PBXFileReference; fileEncoding = 4; lastKnownFileType = text; path = wscript; sourceTree = "<group>"; };
		3F832A041D2EE3BF00FDE209 /* Basalt */ = {isa = PBXFileReference; explicitFileType = "compiled.mach-o.executable"; includeInIndex = 0; path = Basalt; sourceTree = BUILT_PRODUCTS_DIR; };
		3F832A0F1D2EE87200FDE209 /* starjedi.ttf */ = {isa = PBXFileReference; lastKnownFileType = file; path = starjedi.ttf; sourceTree = "<group>"; };
		3F832A141D2EFB2C00FDE209 /* storm_trooper_head.png */ = {isa = PBXFileReference; lastKnownFileType = image.png; name = storm_trooper_head.png; path = images/storm_trooper_head.png; sourceTree = "<group>"; };
		3F832A161D34261900FDE209 /* time_service.c */ = {isa = PBXFileReference; fileEncoding = 4; lastKnownFileType = sourcecode.c.c; path = time_service.c; sourceTree = "<group>"; };
		3F832A171D34261900FDE209 /* time_service.h */ = {isa = PBXFileReference; fileEncoding = 4; lastKnownFileType = sourcecode.c.h; path = time_service.h; sourceTree = "<group>"; };
		3F832A181D34261900FDE209 /* ui_layers.c */ = {isa = PBXFileReference; fileEncoding = 4; lastKnownFileType = sourcecode.c.c; path = ui_layers.c; sourceTree = "<group>"; };
		3F832A191D34261900FDE209 /* ui_layers.h */ = {isa = PBXFileReference; fileEncoding = 4; lastKnownFileType = sourcecode.c.h; path = ui_layers.h; sourceTree = "<group>"; };
		3F832A1B1D34261900FDE209 /* main_window.c */ = {isa = PBXFileReference; fileEncoding = 4; lastKnownFileType = sourcecode.c.c; path = main_window.c; sourceTree = "<group>"; };
		3F832A1C1D34261900FDE209 /* main_window.h */ = {isa = PBXFileReference; fileEncoding = 4; lastKnownFileType = sourcecode.c.h; path = main_window.h; sourceTree = "<group>"; };
/* End PBXFileReference section */

/* Begin PBXFrameworksBuildPhase section */
		3F68B3AC1D28602B0051D882 /* Frameworks */ = {
			isa = PBXFrameworksBuildPhase;
			buildActionMask = 2147483647;
			files = (
			);
			runOnlyForDeploymentPostprocessing = 0;
		};
		3F832A011D2EE3BF00FDE209 /* Frameworks */ = {
			isa = PBXFrameworksBuildPhase;
			buildActionMask = 2147483647;
			files = (
			);
			runOnlyForDeploymentPostprocessing = 0;
		};
/* End PBXFrameworksBuildPhase section */

/* Begin PBXGroup section */
		3F68B3A61D28602B0051D882 = {
			isa = PBXGroup;
			children = (
				3F68B3BF1D2865F40051D882 /* package.json */,
				3F832A0D1D2EE87200FDE209 /* resources */,
				3F68B3C01D2865F40051D882 /* src */,
				3F68B3C21D2865F40051D882 /* wscript */,
				3F8329FF1D2EE37500FDE209 /* Product */,
			);
			sourceTree = "<group>";
		};
		3F68B3C01D2865F40051D882 /* src */ = {
			isa = PBXGroup;
			children = (
				3F832A1A1D34261900FDE209 /* windows */,
				3F832A151D34261900FDE209 /* modules */,
				3F68B3C11D2865F40051D882 /* main.c */,
			);
			path = src;
			sourceTree = "<group>";
		};
		3F8329FF1D2EE37500FDE209 /* Product */ = {
			isa = PBXGroup;
			children = (
				3F832A041D2EE3BF00FDE209 /* Basalt */,
				3F68B3BE1D2865680051D882 /* HiddenTarget */,
			);
			name = Product;
			sourceTree = "<group>";
		};
		3F832A0D1D2EE87200FDE209 /* resources */ = {
			isa = PBXGroup;
			children = (
				3F832A0E1D2EE87200FDE209 /* fonts */,
				3F832A121D2EFA5100FDE209 /* images */,
			);
			path = resources;
			sourceTree = "<group>";
		};
		3F832A0E1D2EE87200FDE209 /* fonts */ = {
			isa = PBXGroup;
			children = (
				3F832A0F1D2EE87200FDE209 /* starjedi.ttf */,
			);
			path = fonts;
			sourceTree = "<group>";
		};
		3F832A121D2EFA5100FDE209 /* images */ = {
			isa = PBXGroup;
			children = (
				3F832A141D2EFB2C00FDE209 /* storm_trooper_head.png */,
			);
			name = images;
			sourceTree = "<group>";
		};
		3F832A151D34261900FDE209 /* modules */ = {
			isa = PBXGroup;
			children = (
				3F832A161D34261900FDE209 /* time_service.c */,
				3F832A171D34261900FDE209 /* time_service.h */,
				3F832A181D34261900FDE209 /* ui_layers.c */,
				3F832A191D34261900FDE209 /* ui_layers.h */,
			);
			path = modules;
			sourceTree = "<group>";
		};
		3F832A1A1D34261900FDE209 /* windows */ = {
			isa = PBXGroup;
			children = (
				3F832A1B1D34261900FDE209 /* main_window.c */,
				3F832A1C1D34261900FDE209 /* main_window.h */,
			);
			path = windows;
			sourceTree = "<group>";
		};
/* End PBXGroup section */

/* Begin PBXNativeTarget section */
		3F68B3AE1D28602B0051D882 /* HiddenTarget */ = {
			isa = PBXNativeTarget;
			buildConfigurationList = 3F68B3B61D28602B0051D882 /* Build configuration list for PBXNativeTarget "HiddenTarget" */;
			buildPhases = (
				3F68B3AB1D28602B0051D882 /* Sources */,
				3F68B3AC1D28602B0051D882 /* Frameworks */,
				3F68B3AD1D28602B0051D882 /* CopyFiles */,
			);
			buildRules = (
			);
			dependencies = (
			);
			name = HiddenTarget;
			productName = StormTrooperWatchface;
			productReference = 3F68B3BE1D2865680051D882 /* HiddenTarget */;
			productType = "com.apple.product-type.tool";
		};
		3F832A031D2EE3BF00FDE209 /* Basalt */ = {
			isa = PBXNativeTarget;
			buildConfigurationList = 3F832A081D2EE3BF00FDE209 /* Build configuration list for PBXNativeTarget "Basalt" */;
			buildPhases = (
				3F832A001D2EE3BF00FDE209 /* Sources */,
				3F832A011D2EE3BF00FDE209 /* Frameworks */,
				3F832A021D2EE3BF00FDE209 /* CopyFiles */,
				3F832A0B1D2EE3D500FDE209 /* ShellScript */,
			);
			buildRules = (
			);
			dependencies = (
			);
			name = Basalt;
			productName = Basalt;
			productReference = 3F832A041D2EE3BF00FDE209 /* Basalt */;
			productType = "com.apple.product-type.tool";
		};
/* End PBXNativeTarget section */

/* Begin PBXProject section */
		3F68B3A71D28602B0051D882 /* Project object */ = {
			isa = PBXProject;
			attributes = {
				LastUpgradeCheck = 0730;
				ORGANIZATIONNAME = "Patrick Blom";
				TargetAttributes = {
					3F68B3AE1D28602B0051D882 = {
						CreatedOnToolsVersion = 7.3.1;
					};
					3F832A031D2EE3BF00FDE209 = {
						CreatedOnToolsVersion = 7.3.1;
					};
				};
			};
			buildConfigurationList = 3F68B3AA1D28602B0051D882 /* Build configuration list for PBXProject "StormTrooperWatchface" */;
			compatibilityVersion = "Xcode 3.2";
			developmentRegion = English;
			hasScannedForEncodings = 0;
			knownRegions = (
				en,
			);
			mainGroup = 3F68B3A61D28602B0051D882;
			productRefGroup = 3F68B3A61D28602B0051D882;
			projectDirPath = "";
			projectRoot = "";
			targets = (
				3F68B3AE1D28602B0051D882 /* HiddenTarget */,
				3F832A031D2EE3BF00FDE209 /* Basalt */,
			);
		};
/* End PBXProject section */

/* Begin PBXShellScriptBuildPhase section */
		3F832A0B1D2EE3D500FDE209 /* ShellScript */ = {
			isa = PBXShellScriptBuildPhase;
			buildActionMask = 2147483647;
			files = (
			);
			inputPaths = (
			);
			outputPaths = (
			);
			runOnlyForDeploymentPostprocessing = 0;
			shellPath = /bin/sh;
			shellScript = "osascript -e 'tell app \"Terminal\"' -e 'if not (exists window 1) then' -e 'do script \"\"' -e 'end if' -e 'activate' -e 'end tell' -e 'tell app \"System Events\" to keystroke \"c\" using control down' -e 'tell app \"Terminal\"' -e 'set ctx to do script \"\" in window 1' -e \"do script \\\"cd ${SRCROOT}\\\" in ctx\" -e 'do script \"pebble build\" in ctx' -e 'do script \"pebble install --emulator basalt\" in ctx' -e 'do script \"pebble logs --emulator basalt\" in ctx' -e 'end tell'\n";
		};
/* End PBXShellScriptBuildPhase section */

/* Begin PBXSourcesBuildPhase section */
		3F68B3AB1D28602B0051D882 /* Sources */ = {
			isa = PBXSourcesBuildPhase;
			buildActionMask = 2147483647;
			files = (
				3F832A1D1D34261900FDE209 /* time_service.c in Sources */,
				3F832A0C1D2EE58400FDE209 /* main.c in Sources */,
				3F832A1F1D34261900FDE209 /* main_window.c in Sources */,
				3F832A1E1D34261900FDE209 /* ui_layers.c in Sources */,
			);
			runOnlyForDeploymentPostprocessing = 0;
		};
		3F832A001D2EE3BF00FDE209 /* Sources */ = {
			isa = PBXSourcesBuildPhase;
			buildActionMask = 2147483647;
			files = (
			);
			runOnlyForDeploymentPostprocessing = 0;
		};
/* End PBXSourcesBuildPhase section */

/* Begin XCBuildConfiguration section */
		3F68B3B41D28602B0051D882 /* Debug */ = {
			isa = XCBuildConfiguration;
			buildSettings = {
				ALWAYS_SEARCH_USER_PATHS = NO;
				CLANG_ANALYZER_NONNULL = YES;
				CLANG_CXX_LANGUAGE_STANDARD = "gnu++0x";
				CLANG_CXX_LIBRARY = "libc++";
				CLANG_ENABLE_MODULES = YES;
				CLANG_ENABLE_OBJC_ARC = YES;
				CLANG_WARN_BOOL_CONVERSION = YES;
				CLANG_WARN_CONSTANT_CONVERSION = YES;
				CLANG_WARN_DIRECT_OBJC_ISA_USAGE = YES_ERROR;
				CLANG_WARN_EMPTY_BODY = YES;
				CLANG_WARN_ENUM_CONVERSION = YES;
				CLANG_WARN_INT_CONVERSION = YES;
				CLANG_WARN_OBJC_ROOT_CLASS = YES_ERROR;
				CLANG_WARN_UNREACHABLE_CODE = YES;
				CLANG_WARN__DUPLICATE_METHOD_MATCH = YES;
				CODE_SIGN_IDENTITY = "-";
				COPY_PHASE_STRIP = NO;
				DEBUG_INFORMATION_FORMAT = dwarf;
				ENABLE_STRICT_OBJC_MSGSEND = YES;
				ENABLE_TESTABILITY = YES;
				GCC_C_LANGUAGE_STANDARD = gnu99;
				GCC_DYNAMIC_NO_PIC = NO;
				GCC_NO_COMMON_BLOCKS = YES;
				GCC_OPTIMIZATION_LEVEL = 0;
				GCC_PREPROCESSOR_DEFINITIONS = (
					"DEBUG=1",
					"$(inherited)",
				);
				GCC_WARN_64_TO_32_BIT_CONVERSION = YES;
				GCC_WARN_ABOUT_RETURN_TYPE = YES_ERROR;
				GCC_WARN_UNDECLARED_SELECTOR = YES;
				GCC_WARN_UNINITIALIZED_AUTOS = YES_AGGRESSIVE;
				GCC_WARN_UNUSED_FUNCTION = YES;
				GCC_WARN_UNUSED_VARIABLE = YES;
				HEADER_SEARCH_PATHS = "~/Library/Application\\ Support/Pebble\\ SDK/SDKs/current/**";
				MACOSX_DEPLOYMENT_TARGET = 10.11;
				MTL_ENABLE_DEBUG_INFO = YES;
				ONLY_ACTIVE_ARCH = YES;
				SDKROOT = macosx;
			};
			name = Debug;
		};
		3F68B3B51D28602B0051D882 /* Release */ = {
			isa = XCBuildConfiguration;
			buildSettings = {
				ALWAYS_SEARCH_USER_PATHS = NO;
				CLANG_ANALYZER_NONNULL = YES;
				CLANG_CXX_LANGUAGE_STANDARD = "gnu++0x";
				CLANG_CXX_LIBRARY = "libc++";
				CLANG_ENABLE_MODULES = YES;
				CLANG_ENABLE_OBJC_ARC = YES;
				CLANG_WARN_BOOL_CONVERSION = YES;
				CLANG_WARN_CONSTANT_CONVERSION = YES;
				CLANG_WARN_DIRECT_OBJC_ISA_USAGE = YES_ERROR;
				CLANG_WARN_EMPTY_BODY = YES;
				CLANG_WARN_ENUM_CONVERSION = YES;
				CLANG_WARN_INT_CONVERSION = YES;
				CLANG_WARN_OBJC_ROOT_CLASS = YES_ERROR;
				CLANG_WARN_UNREACHABLE_CODE = YES;
				CLANG_WARN__DUPLICATE_METHOD_MATCH = YES;
				CODE_SIGN_IDENTITY = "-";
				COPY_PHASE_STRIP = NO;
				DEBUG_INFORMATION_FORMAT = "dwarf-with-dsym";
				ENABLE_NS_ASSERTIONS = NO;
				ENABLE_STRICT_OBJC_MSGSEND = YES;
				GCC_C_LANGUAGE_STANDARD = gnu99;
				GCC_NO_COMMON_BLOCKS = YES;
				GCC_WARN_64_TO_32_BIT_CONVERSION = YES;
				GCC_WARN_ABOUT_RETURN_TYPE = YES_ERROR;
				GCC_WARN_UNDECLARED_SELECTOR = YES;
				GCC_WARN_UNINITIALIZED_AUTOS = YES_AGGRESSIVE;
				GCC_WARN_UNUSED_FUNCTION = YES;
				GCC_WARN_UNUSED_VARIABLE = YES;
				HEADER_SEARCH_PATHS = "~/Library/Application\\ Support/Pebble\\ SDK/SDKs/current/**";
				MACOSX_DEPLOYMENT_TARGET = 10.11;
				MTL_ENABLE_DEBUG_INFO = NO;
				SDKROOT = macosx;
			};
			name = Release;
		};
		3F68B3B71D28602B0051D882 /* Debug */ = {
			isa = XCBuildConfiguration;
			buildSettings = {
				ALWAYS_SEARCH_USER_PATHS = NO;
				HEADER_SEARCH_PATHS = "~/Library/Application\\ Support/Pebble\\ SDK/SDKs/current/**";
				PRODUCT_NAME = "$(TARGET_NAME)";
			};
			name = Debug;
		};
		3F68B3B81D28602B0051D882 /* Release */ = {
			isa = XCBuildConfiguration;
			buildSettings = {
				ALWAYS_SEARCH_USER_PATHS = NO;
				HEADER_SEARCH_PATHS = "~/Library/Application\\ Support/Pebble\\ SDK/SDKs/current/**";
				PRODUCT_NAME = "$(TARGET_NAME)";
			};
			name = Release;
		};
		3F832A091D2EE3BF00FDE209 /* Debug */ = {
			isa = XCBuildConfiguration;
			buildSettings = {
				ALWAYS_SEARCH_USER_PATHS = NO;
				PRODUCT_NAME = "$(TARGET_NAME)";
			};
			name = Debug;
		};
		3F832A0A1D2EE3BF00FDE209 /* Release */ = {
			isa = XCBuildConfiguration;
			buildSettings = {
				ALWAYS_SEARCH_USER_PATHS = NO;
				PRODUCT_NAME = "$(TARGET_NAME)";
			};
			name = Release;
		};
/* End XCBuildConfiguration section */

/* Begin XCConfigurationList section */
		3F68B3AA1D28602B0051D882 /* Build configuration list for PBXProject "StormTrooperWatchface" */ = {
			isa = XCConfigurationList;
			buildConfigurations = (
				3F68B3B41D28602B0051D882 /* Debug */,
				3F68B3B51D28602B0051D882 /* Release */,
			);
			defaultConfigurationIsVisible = 0;
			defaultConfigurationName = Release;
		};
		3F68B3B61D28602B0051D882 /* Build configuration list for PBXNativeTarget "HiddenTarget" */ = {
			isa = XCConfigurationList;
			buildConfigurations = (
				3F68B3B71D28602B0051D882 /* Debug */,
				3F68B3B81D28602B0051D882 /* Release */,
			);
			defaultConfigurationIsVisible = 0;
			defaultConfigurationName = Release;
		};
		3F832A081D2EE3BF00FDE209 /* Build configuration list for PBXNativeTarget "Basalt" */ = {
			isa = XCConfigurationList;
			buildConfigurations = (
				3F832A091D2EE3BF00FDE209 /* Debug */,
				3F832A0A1D2EE3BF00FDE209 /* Release */,
			);
			defaultConfigurationIsVisible = 0;
		};
/* End XCConfigurationList section */
	};
	rootObject = 3F68B3A71D28602B0051D882 /* Project object */;
}
